
Microsoft Visual Studio Solution File, Format Version 12.00
# Visual Studio 14
VisualStudioVersion = 14.0.25420.1
MinimumVisualStudioVersion = 10.0.40219.1
Project("{2150E333-8FDC-42A3-9474-1A3956D46DE8}") = "Libraries", "Libraries", "{87B17C27-91E0-4F21-A9A8-2CBD5959EE4D}"
EndProject
Project("{2150E333-8FDC-42A3-9474-1A3956D46DE8}") = "Plugins", "Plugins", "{9BA2C3C3-3CC0-4FD7-91A6-F471B208BA58}"
EndProject
Project("{2150E333-8FDC-42A3-9474-1A3956D46DE8}") = "Presentation", "Presentation", "{6B6E119E-098B-46B3-9B9A-B00A0694BA12}"
EndProject
Project("{2150E333-8FDC-42A3-9474-1A3956D46DE8}") = "Tests", "Tests", "{2ACDD247-ACEF-4F06-887E-F16A41A56936}"
EndProject
Project("{FAE04EC0-301F-11D3-BF4B-00C04F79EFBC}") = "Blog.Libraries.Core", "Blog.Libraries.Core\Blog.Libraries.Core.csproj", "{DF1821A4-B68B-4DBF-8B03-1EEF22C41971}"
EndProject
Project("{FAE04EC0-301F-11D3-BF4B-00C04F79EFBC}") = "Blog.Libraries.Data", "Blog.Libraries.Data\Blog.Libraries.Data.csproj", "{2FE05ACE-2D15-47A8-AC0F-E2A75F61AE3F}"
EndProject
Project("{FAE04EC0-301F-11D3-BF4B-00C04F79EFBC}") = "Blog.Libraries.Services", "Blog.Libraries.Services\Blog.Libraries.Services.csproj", "{CB33A7AB-A142-4758-80F2-94F0DA2FB396}"
EndProject
Project("{FAE04EC0-301F-11D3-BF4B-00C04F79EFBC}") = "Blog.Presentation.Framework", "Blog.Presentation.Framework\Blog.Presentation.Framework.csproj", "{05F1C1E5-6A2C-42C3-ADEE-253E9ED85005}"
EndProject
Project("{2150E333-8FDC-42A3-9474-1A3956D46DE8}") = "App", "App", "{1D335736-7410-453F-A88B-C9A0EDF4E043}"
EndProject
Project("{FAE04EC0-301F-11D3-BF4B-00C04F79EFBC}") = "Blog.Presentation.Web", "Blog.Presentation.Web\Blog.Presentation.Web.csproj", "{EB85627E-4529-415A-8899-D360FAC8CBFE}"
EndProject
Project("{FAE04EC0-301F-11D3-BF4B-00C04F79EFBC}") = "Blog.Presentation.Admin", "Blog.Presentation.Web\Applications\Blog.Presentation.Admin\Blog.Presentation.Admin.csproj", "{CAFB9683-31EC-4C45-996F-AC53CBF9AD3C}"
EndProject
Project("{2150E333-8FDC-42A3-9474-1A3956D46DE8}") = "Tools", "Tools", "{48B8ED46-C438-4B84-8113-B47BF7FF09B0}"
	ProjectSection(SolutionItems) = preProject
		log.txt = log.txt
	EndProjectSection
EndProject
Project("{FAE04EC0-301F-11D3-BF4B-00C04F79EFBC}") = "AutoBuilder", "AutoBuilder\AutoBuilder.csproj", "{9B84DBE0-347A-4209-89C6-ED140A5AB801}"
EndProject
Project("{FAE04EC0-301F-11D3-BF4B-00C04F79EFBC}") = "Blog.Libraries.Core.Tests", "Blog.Libraries.Core.Tests\Blog.Libraries.Core.Tests.csproj", "{26093E8F-FC6C-4F0F-86B7-BC33D005D7AA}"
EndProject
Project("{FAE04EC0-301F-11D3-BF4B-00C04F79EFBC}") = "Blog.Libraries.Data.Tests", "Blog.Libraries.Data.Tests\Blog.Libraries.Data.Tests.csproj", "{FB222B9B-D14F-4997-836E-73BFA3541F67}"
EndProject
Project("{FAE04EC0-301F-11D3-BF4B-00C04F79EFBC}") = "Blog.Libraries.Services.Tests", "Blog.Libraries.Services.Tests\Blog.Libraries.Services.Tests.csproj", "{691E021B-F39E-49D1-A9E9-6E9994E4752B}"
EndProject
Project("{FAE04EC0-301F-11D3-BF4B-00C04F79EFBC}") = "Blog.Tests", "Blog.Tests\Blog.Tests.csproj", "{BDB9366B-B4A3-4CA6-B855-4ECFEA923F3E}"
EndProject
Global
	GlobalSection(SolutionConfigurationPlatforms) = preSolution
		Debug|Any CPU = Debug|Any CPU
		Release|Any CPU = Release|Any CPU
	EndGlobalSection
	GlobalSection(ProjectConfigurationPlatforms) = postSolution
		{DF1821A4-B68B-4DBF-8B03-1EEF22C41971}.Debug|Any CPU.ActiveCfg = Debug|Any CPU
		{DF1821A4-B68B-4DBF-8B03-1EEF22C41971}.Debug|Any CPU.Build.0 = Debug|Any CPU
		{DF1821A4-B68B-4DBF-8B03-1EEF22C41971}.Release|Any CPU.ActiveCfg = Release|Any CPU
		{DF1821A4-B68B-4DBF-8B03-1EEF22C41971}.Release|Any CPU.Build.0 = Release|Any CPU
		{2FE05ACE-2D15-47A8-AC0F-E2A75F61AE3F}.Debug|Any CPU.ActiveCfg = Debug|Any CPU
		{2FE05ACE-2D15-47A8-AC0F-E2A75F61AE3F}.Debug|Any CPU.Build.0 = Debug|Any CPU
		{2FE05ACE-2D15-47A8-AC0F-E2A75F61AE3F}.Release|Any CPU.ActiveCfg = Release|Any CPU
		{2FE05ACE-2D15-47A8-AC0F-E2A75F61AE3F}.Release|Any CPU.Build.0 = Release|Any CPU
		{CB33A7AB-A142-4758-80F2-94F0DA2FB396}.Debug|Any CPU.ActiveCfg = Debug|Any CPU
		{CB33A7AB-A142-4758-80F2-94F0DA2FB396}.Debug|Any CPU.Build.0 = Debug|Any CPU
		{CB33A7AB-A142-4758-80F2-94F0DA2FB396}.Release|Any CPU.ActiveCfg = Release|Any CPU
		{CB33A7AB-A142-4758-80F2-94F0DA2FB396}.Release|Any CPU.Build.0 = Release|Any CPU
		{05F1C1E5-6A2C-42C3-ADEE-253E9ED85005}.Debug|Any CPU.ActiveCfg = Debug|Any CPU
		{05F1C1E5-6A2C-42C3-ADEE-253E9ED85005}.Debug|Any CPU.Build.0 = Debug|Any CPU
		{05F1C1E5-6A2C-42C3-ADEE-253E9ED85005}.Release|Any CPU.ActiveCfg = Release|Any CPU
		{05F1C1E5-6A2C-42C3-ADEE-253E9ED85005}.Release|Any CPU.Build.0 = Release|Any CPU
		{EB85627E-4529-415A-8899-D360FAC8CBFE}.Debug|Any CPU.ActiveCfg = Debug|Any CPU
		{EB85627E-4529-415A-8899-D360FAC8CBFE}.Debug|Any CPU.Build.0 = Debug|Any CPU
		{EB85627E-4529-415A-8899-D360FAC8CBFE}.Release|Any CPU.ActiveCfg = Release|Any CPU
		{EB85627E-4529-415A-8899-D360FAC8CBFE}.Release|Any CPU.Build.0 = Release|Any CPU
		{CAFB9683-31EC-4C45-996F-AC53CBF9AD3C}.Debug|Any CPU.ActiveCfg = Debug|Any CPU
		{CAFB9683-31EC-4C45-996F-AC53CBF9AD3C}.Debug|Any CPU.Build.0 = Debug|Any CPU
		{CAFB9683-31EC-4C45-996F-AC53CBF9AD3C}.Release|Any CPU.ActiveCfg = Release|Any CPU
		{CAFB9683-31EC-4C45-996F-AC53CBF9AD3C}.Release|Any CPU.Build.0 = Release|Any CPU
		{9B84DBE0-347A-4209-89C6-ED140A5AB801}.Debug|Any CPU.ActiveCfg = Debug|Any CPU
		{9B84DBE0-347A-4209-89C6-ED140A5AB801}.Debug|Any CPU.Build.0 = Debug|Any CPU
		{9B84DBE0-347A-4209-89C6-ED140A5AB801}.Release|Any CPU.ActiveCfg = Release|Any CPU
		{9B84DBE0-347A-4209-89C6-ED140A5AB801}.Release|Any CPU.Build.0 = Release|Any CPU
		{26093E8F-FC6C-4F0F-86B7-BC33D005D7AA}.Debug|Any CPU.ActiveCfg = Debug|Any CPU
		{26093E8F-FC6C-4F0F-86B7-BC33D005D7AA}.Debug|Any CPU.Build.0 = Debug|Any CPU
		{26093E8F-FC6C-4F0F-86B7-BC33D005D7AA}.Release|Any CPU.ActiveCfg = Release|Any CPU
		{26093E8F-FC6C-4F0F-86B7-BC33D005D7AA}.Release|Any CPU.Build.0 = Release|Any CPU
		{FB222B9B-D14F-4997-836E-73BFA3541F67}.Debug|Any CPU.ActiveCfg = Debug|Any CPU
		{FB222B9B-D14F-4997-836E-73BFA3541F67}.Debug|Any CPU.Build.0 = Debug|Any CPU
		{FB222B9B-D14F-4997-836E-73BFA3541F67}.Release|Any CPU.ActiveCfg = Release|Any CPU
		{FB222B9B-D14F-4997-836E-73BFA3541F67}.Release|Any CPU.Build.0 = Release|Any CPU
		{691E021B-F39E-49D1-A9E9-6E9994E4752B}.Debug|Any CPU.ActiveCfg = Debug|Any CPU
		{691E021B-F39E-49D1-A9E9-6E9994E4752B}.Debug|Any CPU.Build.0 = Debug|Any CPU
		{691E021B-F39E-49D1-A9E9-6E9994E4752B}.Release|Any CPU.ActiveCfg = Release|Any CPU
		{691E021B-F39E-49D1-A9E9-6E9994E4752B}.Release|Any CPU.Build.0 = Release|Any CPU
		{BDB9366B-B4A3-4CA6-B855-4ECFEA923F3E}.Debug|Any CPU.ActiveCfg = Debug|Any CPU
		{BDB9366B-B4A3-4CA6-B855-4ECFEA923F3E}.Debug|Any CPU.Build.0 = Debug|Any CPU
		{BDB9366B-B4A3-4CA6-B855-4ECFEA923F3E}.Release|Any CPU.ActiveCfg = Release|Any CPU
		{BDB9366B-B4A3-4CA6-B855-4ECFEA923F3E}.Release|Any CPU.Build.0 = Release|Any CPU
	EndGlobalSection
	GlobalSection(SolutionProperties) = preSolution
		HideSolutionNode = FALSE
	EndGlobalSection
	GlobalSection(NestedProjects) = preSolution
		{DF1821A4-B68B-4DBF-8B03-1EEF22C41971} = {87B17C27-91E0-4F21-A9A8-2CBD5959EE4D}
		{2FE05ACE-2D15-47A8-AC0F-E2A75F61AE3F} = {87B17C27-91E0-4F21-A9A8-2CBD5959EE4D}
		{CB33A7AB-A142-4758-80F2-94F0DA2FB396} = {87B17C27-91E0-4F21-A9A8-2CBD5959EE4D}
		{05F1C1E5-6A2C-42C3-ADEE-253E9ED85005} = {6B6E119E-098B-46B3-9B9A-B00A0694BA12}
		{1D335736-7410-453F-A88B-C9A0EDF4E043} = {6B6E119E-098B-46B3-9B9A-B00A0694BA12}
		{EB85627E-4529-415A-8899-D360FAC8CBFE} = {1D335736-7410-453F-A88B-C9A0EDF4E043}
		{CAFB9683-31EC-4C45-996F-AC53CBF9AD3C} = {1D335736-7410-453F-A88B-C9A0EDF4E043}
		{9B84DBE0-347A-4209-89C6-ED140A5AB801} = {48B8ED46-C438-4B84-8113-B47BF7FF09B0}
		{26093E8F-FC6C-4F0F-86B7-BC33D005D7AA} = {2ACDD247-ACEF-4F06-887E-F16A41A56936}
		{FB222B9B-D14F-4997-836E-73BFA3541F67} = {2ACDD247-ACEF-4F06-887E-F16A41A56936}
		{691E021B-F39E-49D1-A9E9-6E9994E4752B} = {2ACDD247-ACEF-4F06-887E-F16A41A56936}
		{BDB9366B-B4A3-4CA6-B855-4ECFEA923F3E} = {2ACDD247-ACEF-4F06-887E-F16A41A56936}
	EndGlobalSection
EndGlobal
