
Microsoft Visual Studio Solution File, Format Version 12.00
# Visual Studio 14
VisualStudioVersion = 14.0.25420.1
MinimumVisualStudioVersion = 10.0.40219.1
Project("{2150E333-8FDC-42A3-9474-1A3956D46DE8}") = "Libraries", "Libraries", "{87B17C27-91E0-4F21-A9A8-2CBD5959EE4D}"
EndProject
Project("{2150E333-8FDC-42A3-9474-1A3956D46DE8}") = "Plugins", "Plugins", "{9BA2C3C3-3CC0-4FD7-91A6-F471B208BA58}"
EndProject
Project("{2150E333-8FDC-42A3-9474-1A3956D46DE8}") = "Presentation", "Presentation", "{6B6E119E-098B-46B3-9B9A-B00A0694BA12}"
EndProject
Project("{2150E333-8FDC-42A3-9474-1A3956D46DE8}") = "Tests", "Tests", "{2ACDD247-ACEF-4F06-887E-F16A41A56936}"
EndProject
Project("{FAE04EC0-301F-11D3-BF4B-00C04F79EFBC}") = "Blog.Libraries.Core", "Blog.Libraries.Core\Blog.Libraries.Core.csproj", "{DF1821A4-B68B-4DBF-8B03-1EEF22C41971}"
EndProject
Global
	GlobalSection(SolutionConfigurationPlatforms) = preSolution
		Debug|Any CPU = Debug|Any CPU
		Release|Any CPU = Release|Any CPU
	EndGlobalSection
	GlobalSection(ProjectConfigurationPlatforms) = postSolution
		{DF1821A4-B68B-4DBF-8B03-1EEF22C41971}.Debug|Any CPU.ActiveCfg = Debug|Any CPU
		{DF1821A4-B68B-4DBF-8B03-1EEF22C41971}.Debug|Any CPU.Build.0 = Debug|Any CPU
		{DF1821A4-B68B-4DBF-8B03-1EEF22C41971}.Release|Any CPU.ActiveCfg = Release|Any CPU
		{DF1821A4-B68B-4DBF-8B03-1EEF22C41971}.Release|Any CPU.Build.0 = Release|Any CPU
	EndGlobalSection
	GlobalSection(SolutionProperties) = preSolution
		HideSolutionNode = FALSE
	EndGlobalSection
	GlobalSection(NestedProjects) = preSolution
		{DF1821A4-B68B-4DBF-8B03-1EEF22C41971} = {87B17C27-91E0-4F21-A9A8-2CBD5959EE4D}
	EndGlobalSection
EndGlobal
